{
  "name": "alies",
  "lockfileVersion": 3,
  "requires": true,
  "packages": {
    "": {
      "dependencies": {
        "sweetalert2": "^11",
        "trumbowyg": "^2"
      }
    },
    "node_modules/jquery": {
      "version": "4.0.0",
      "resolved": "https://registry.npmjs.org/jquery/-/jquery-4.0.0.tgz",
      "integrity": "sha512-TXCHVR3Lb6TZdtw1l3RTLf8RBWVGexdxL6AC8/e0xZKEpBflBsjh9/8LXw+dkNFuOyW9B7iB3O1sP7hS0Kiacg==",
      "license": "MIT",
      "peer": true
    },
    "node_modules/sweetalert2": {
      "version": "11.26.25",
      "resolved": "https://registry.npmjs.org/sweetalert2/-/sweetalert2-11.26.25.tgz",
      "integrity": "sha512-+hunCOJdJ6FLj04T9YSLvvZXRjsvIkTeTKP2e4VF8CaBias961BTnWiSFAy7F/CM5eq3QK2Rraoc5Gzftslvkg==",
      "license": "MIT",
      "funding": {
        "type": "individual",
        "url": "https://github.com/sponsors/limonte"
      }
    },
    "node_modules/trumbowyg": {
      "version": "2.31.0",
      "resolved": "https://registry.npmjs.org/trumbowyg/-/trumbowyg-2.31.0.tgz",
      "integrity": "sha512-I+DMiluTpLDx3yn6LR0TIVR7xIOjgtBQmpEE6Ofd+2yl5ruzY63q/yA/DfBuRVxdK7yDYSBe9FXpVjM1P2NdtA==",
      "license": "MIT",
      "peerDependencies": {
        "jquery": ">=1.8"
      }
    }
  }
}
